
Microsoft Visual Studio Solution File, Format Version 12.00
# Visual Studio Version 17
VisualStudioVersion = 17.7.34024.191
MinimumVisualStudioVersion = 10.0.40219.1
Project("{8BC9CEB8-8B4A-11D0-8D11-00A0C91BC942}") = "GameOnTheTree", "GameOnTheTree\GameOnTheTree.vcxproj", "{8BAEB09C-B07F-442E-BC29-4DEC22DE5BD9}"
EndProject
Global
	GlobalSection(SolutionConfigurationPlatforms) = preSolution
		Debug|x64 = Debug|x64
		Debug|x86 = Debug|x86
		Release|x64 = Release|x64
		Release|x86 = Release|x86
	EndGlobalSection
	GlobalSection(ProjectConfigurationPlatforms) = postSolution
		{8BAEB09C-B07F-442E-BC29-4DEC22DE5BD9}.Debug|x64.ActiveCfg = Debug|x64
		{8BAEB09C-B07F-442E-BC29-4DEC22DE5BD9}.Debug|x64.Build.0 = Debug|x64
		{8BAEB09C-B07F-442E-BC29-4DEC22DE5BD9}.Debug|x86.ActiveCfg = Debug|Win32
		{8BAEB09C-B07F-442E-BC29-4DEC22DE5BD9}.Debug|x86.Build.0 = Debug|Win32
		{8BAEB09C-B07F-442E-BC29-4DEC22DE5BD9}.Release|x64.ActiveCfg = Release|x64
		{8BAEB09C-B07F-442E-BC29-4DEC22DE5BD9}.Release|x64.Build.0 = Release|x64
		{8BAEB09C-B07F-442E-BC29-4DEC22DE5BD9}.Release|x86.ActiveCfg = Release|Win32
		{8BAEB09C-B07F-442E-BC29-4DEC22DE5BD9}.Release|x86.Build.0 = Release|Win32
	EndGlobalSection
	GlobalSection(SolutionProperties) = preSolution
		HideSolutionNode = FALSE
	EndGlobalSection
	GlobalSection(ExtensibilityGlobals) = postSolution
		SolutionGuid = {B9B9E58C-21D9-4538-B5CB-E6B80B18B690}
	EndGlobalSection
EndGlobal
