
Microsoft Visual Studio Solution File, Format Version 12.00
# Visual Studio Version 17
VisualStudioVersion = 17.7.34024.191
MinimumVisualStudioVersion = 10.0.40219.1
Project("{8BC9CEB8-8B4A-11D0-8D11-00A0C91BC942}") = "DemandIndex", "DemandIndex\DemandIndex.vcxproj", "{14F9056A-9C59-4BBF-8CFE-A47E4CE011AA}"
EndProject
Global
	GlobalSection(SolutionConfigurationPlatforms) = preSolution
		Debug|x64 = Debug|x64
		Debug|x86 = Debug|x86
		Release|x64 = Release|x64
		Release|x86 = Release|x86
	EndGlobalSection
	GlobalSection(ProjectConfigurationPlatforms) = postSolution
		{14F9056A-9C59-4BBF-8CFE-A47E4CE011AA}.Debug|x64.ActiveCfg = Debug|x64
		{14F9056A-9C59-4BBF-8CFE-A47E4CE011AA}.Debug|x64.Build.0 = Debug|x64
		{14F9056A-9C59-4BBF-8CFE-A47E4CE011AA}.Debug|x86.ActiveCfg = Debug|Win32
		{14F9056A-9C59-4BBF-8CFE-A47E4CE011AA}.Debug|x86.Build.0 = Debug|Win32
		{14F9056A-9C59-4BBF-8CFE-A47E4CE011AA}.Release|x64.ActiveCfg = Release|x64
		{14F9056A-9C59-4BBF-8CFE-A47E4CE011AA}.Release|x64.Build.0 = Release|x64
		{14F9056A-9C59-4BBF-8CFE-A47E4CE011AA}.Release|x86.ActiveCfg = Release|Win32
		{14F9056A-9C59-4BBF-8CFE-A47E4CE011AA}.Release|x86.Build.0 = Release|Win32
	EndGlobalSection
	GlobalSection(SolutionProperties) = preSolution
		HideSolutionNode = FALSE
	EndGlobalSection
	GlobalSection(ExtensibilityGlobals) = postSolution
		SolutionGuid = {96010D93-169E-4806-9C23-B2807AB04A76}
	EndGlobalSection
EndGlobal
